
Microsoft Visual Studio Solution File, Format Version 12.00
# Visual Studio Version 17
VisualStudioVersion = 17.8.34330.188
MinimumVisualStudioVersion = 10.0.40219.1
Project("{FAE04EC0-301F-11D3-BF4B-00C04F79EFBC}") = "Task0", "Task0\Task0.csproj", "{A32D8F8B-CD48-4F99-A98E-620C3CC36659}"
EndProject
Global
	GlobalSection(SolutionConfigurationPlatforms) = preSolution
		Debug|Any CPU = Debug|Any CPU
		Release|Any CPU = Release|Any CPU
	EndGlobalSection
	GlobalSection(ProjectConfigurationPlatforms) = postSolution
		{A32D8F8B-CD48-4F99-A98E-620C3CC36659}.Debug|Any CPU.ActiveCfg = Debug|Any CPU
		{A32D8F8B-CD48-4F99-A98E-620C3CC36659}.Debug|Any CPU.Build.0 = Debug|Any CPU
		{A32D8F8B-CD48-4F99-A98E-620C3CC36659}.Release|Any CPU.ActiveCfg = Release|Any CPU
		{A32D8F8B-CD48-4F99-A98E-620C3CC36659}.Release|Any CPU.Build.0 = Release|Any CPU
	EndGlobalSection
	GlobalSection(SolutionProperties) = preSolution
		HideSolutionNode = FALSE
	EndGlobalSection
	GlobalSection(ExtensibilityGlobals) = postSolution
		SolutionGuid = {E7B87591-F05B-480E-9541-65D467B6F04A}
	EndGlobalSection
EndGlobal
